lockfileVersion: '9.0'

settings:
  autoInstallPeers: true
  excludeLinksFromLockfile: false

importers:

  .:
    dependencies:
      pnpm:
        specifier: ^10.30.3
        version: 10.30.3
    devDependencies:
      typescript:
        specifier: ^5.9.3
        version: 5.9.3

packages:

  pnpm@10.30.3:
    resolution: {integrity: sha512-yWHR4KLY41TsqlFmuCJRZmi39Ey1vZUSLVkN2Bki9gb1RzttI+xKW+Bef80Y6EiNR9l4u+mBhy8RRdBumnQAFw==}
    engines: {node: '>=18.12'}
    hasBin: true

  typescript@5.9.3:
    resolution: {integrity: sha512-jl1vZzPDinLr9eUt3J/t7V6FgNEw9QjvBPdysz9KfQDD41fQrC2Y4vKQdiaUpFT4bXlb1RHhLpp8wtm6M5TgSw==}
    engines: {node: '>=14.17'}
    hasBin: true

snapshots:

  pnpm@10.30.3: {}

  typescript@5.9.3: {}
